
Microsoft Visual Studio Solution File, Format Version 12.00
# Visual Studio 15
VisualStudioVersion = 15.0.28010.2036
MinimumVisualStudioVersion = 10.0.40219.1
Project("{FAE04EC0-301F-11D3-BF4B-00C04F79EFBC}") = "Sample", "Sample.csproj", "{C963AE43-D9DA-4A7C-9C9E-05FB8D173CF8}"
EndProject
Project("{FAE04EC0-301F-11D3-BF4B-00C04F79EFBC}") = "ch15_02_TextBlock", "..\ch15_02_TextBlock\ch15_02_TextBlock.csproj", "{89F30E48-4CF3-4CB1-AA3A-697D149D0E13}"
EndProject
Project("{FAE04EC0-301F-11D3-BF4B-00C04F79EFBC}") = "ch15_03_cust_reg", "..\ch15_03_cust_reg\ch15_03_cust_reg.csproj", "{2A1A3056-3177-471C-A353-D624E258CCDA}"
EndProject
Project("{FAE04EC0-301F-11D3-BF4B-00C04F79EFBC}") = "ch15_04_TextBox", "..\ch15_04_TextBox\ch15_04_TextBox.csproj", "{FC2DB3C1-D2F9-4604-8007-A3DCA319EACF}"
EndProject
Project("{FAE04EC0-301F-11D3-BF4B-00C04F79EFBC}") = "ch15_05_Button", "ch15_05_Button\ch15_05_Button.csproj", "{174EDACD-C561-4FC8-AD78-A50683E2C74D}"
EndProject
Project("{FAE04EC0-301F-11D3-BF4B-00C04F79EFBC}") = "ch15_06_CheckBox", "..\ch15_06_CheckBox\ch15_06_CheckBox.csproj", "{E13BA1EC-B45C-4B1F-81F0-A858B013E36B}"
EndProject
Project("{FAE04EC0-301F-11D3-BF4B-00C04F79EFBC}") = "ch15_07_ListBox", "ch15_ListBox\ch15_07_ListBox.csproj", "{E357CBB1-7C33-45B6-A676-6C6F055B7F8C}"
EndProject
Project("{FAE04EC0-301F-11D3-BF4B-00C04F79EFBC}") = "ch15_08_ListBox_DataBinding", "ch15_08_ListBox_DataBinding\ch15_08_ListBox_DataBinding.csproj", "{B59D5ED3-2E38-4038-BD81-2F67340A4B51}"
EndProject
Project("{FAE04EC0-301F-11D3-BF4B-00C04F79EFBC}") = "ch15_09_ComboBox", "ch15_09_ComboBox\ch15_09_ComboBox.csproj", "{9EDDE5C6-100D-4DA8-AF57-AB5030CE3022}"
EndProject
Project("{FAE04EC0-301F-11D3-BF4B-00C04F79EFBC}") = "ch15_10_ComboBox_Binding", "ch15_10_ComboBox_Binding\ch15_10_ComboBox_Binding.csproj", "{6965AE39-29F7-40BD-B2DC-1D44568D4D8B}"
EndProject
Project("{FAE04EC0-301F-11D3-BF4B-00C04F79EFBC}") = "ch15_11_ComboBox_event", "ch15_11_ComboBox_event\ch15_11_ComboBox_event.csproj", "{BEE70892-338A-404E-BA9C-EAB0AC381936}"
EndProject
Project("{FAE04EC0-301F-11D3-BF4B-00C04F79EFBC}") = "ch20_01", "ch20_01\ch20_01.csproj", "{35ABC673-1B6F-4BE7-88C0-5FDB407E4C3C}"
EndProject
Project("{FAE04EC0-301F-11D3-BF4B-00C04F79EFBC}") = "ch20_02_mouseLocation", "ch20_02_mouseLocation\ch20_02_mouseLocation.csproj", "{1260FF91-D252-45F8-AC48-8C5B0A5AFB37}"
EndProject
Project("{FAE04EC0-301F-11D3-BF4B-00C04F79EFBC}") = "ch20_03", "ch20_03\ch20_03.csproj", "{41FE458D-568C-4D15-B02C-3EB98009E18E}"
EndProject
Project("{FAE04EC0-301F-11D3-BF4B-00C04F79EFBC}") = "ch20_04_keyboard", "ch20_04_keyboard\ch20_04_keyboard.csproj", "{2833B3FE-73B5-4DA6-AD01-0B658183BD25}"
EndProject
Project("{FAE04EC0-301F-11D3-BF4B-00C04F79EFBC}") = "ch20_05_keyboard2", "ch20_05_keyboard2\ch20_05_keyboard2.csproj", "{37A1FF30-9A25-4E20-8CE7-8357136D6774}"
EndProject
Project("{FAE04EC0-301F-11D3-BF4B-00C04F79EFBC}") = "ch20_06_inkCanvas", "ch20_06_inkCanvas\ch20_06_inkCanvas.csproj", "{00310474-722D-47CA-A0EB-8A47D2A192C2}"
EndProject
Project("{FAE04EC0-301F-11D3-BF4B-00C04F79EFBC}") = "ch20_07_menu", "ch20_07_menu\ch20_07_menu.csproj", "{5EDFC3D5-77FF-4146-BEDD-88AE2C316462}"
EndProject
Project("{FAE04EC0-301F-11D3-BF4B-00C04F79EFBC}") = "ch20_08_contextMenu", "ch20_08_contextMenu\ch20_08_contextMenu.csproj", "{9C2306CA-DFF1-466E-9487-F6CC6C399FA1}"
EndProject
Project("{FAE04EC0-301F-11D3-BF4B-00C04F79EFBC}") = "ch20_09_toolbar", "ch20_09_toolbar\ch20_09_toolbar.csproj", "{349C5E47-D1A7-4F05-BA2C-8B7CD0A4F755}"
EndProject
Project("{FAE04EC0-301F-11D3-BF4B-00C04F79EFBC}") = "ch20_10_passwordbox", "ch20_10_passwordbox\ch20_10_passwordbox.csproj", "{2E47C600-C32B-40EB-BDF5-E863A37D6558}"
EndProject
Project("{FAE04EC0-301F-11D3-BF4B-00C04F79EFBC}") = "ch20_11_tooltip", "ch20_11_tooltip\ch20_11_tooltip.csproj", "{2F0A8528-4C07-44AD-956E-763F8515F567}"
EndProject
Project("{FAE04EC0-301F-11D3-BF4B-00C04F79EFBC}") = "ch20_12_slider", "ch20_12_slider\ch20_12_slider.csproj", "{A29B605A-D13C-4401-B2FD-EBE9EFCE5600}"
EndProject
Project("{FAE04EC0-301F-11D3-BF4B-00C04F79EFBC}") = "ch20_13_progressbar", "ch20_13_progressbar\ch20_13_progressbar.csproj", "{97BD5493-A34E-4ED1-B892-A959387596C9}"
EndProject
Project("{FAE04EC0-301F-11D3-BF4B-00C04F79EFBC}") = "ch20_14_webBrowser", "ch20_14_webBrowser\ch20_14_webBrowser.csproj", "{1601685D-3FF6-42BD-B6AF-9B5535A99E42}"
EndProject
Project("{FAE04EC0-301F-11D3-BF4B-00C04F79EFBC}") = "ch20_15_textFormattingMode", "ch20_15_textFormattingMode\ch20_15_textFormattingMode.csproj", "{FB71AA19-A45A-49D4-BA21-F410706F2DC5}"
EndProject
Project("{FAE04EC0-301F-11D3-BF4B-00C04F79EFBC}") = "ch20_16_windowsFormsHost", "ch20_16_windowsFormsHost\ch20_16_windowsFormsHost.csproj", "{F8FC48B9-AA49-4A9E-AB2D-DEAEDB320DC4}"
EndProject
Project("{FAE04EC0-301F-11D3-BF4B-00C04F79EFBC}") = "ch20_17_tabControl", "ch20_17_tabControl\ch20_17_tabControl.csproj", "{A6FDE111-D0F9-40FC-8DC2-4DB5EFA761F6}"
EndProject
Global
	GlobalSection(SolutionConfigurationPlatforms) = preSolution
		Debug|Any CPU = Debug|Any CPU
		Release|Any CPU = Release|Any CPU
	EndGlobalSection
	GlobalSection(ProjectConfigurationPlatforms) = postSolution
		{C963AE43-D9DA-4A7C-9C9E-05FB8D173CF8}.Debug|Any CPU.ActiveCfg = Debug|Any CPU
		{C963AE43-D9DA-4A7C-9C9E-05FB8D173CF8}.Debug|Any CPU.Build.0 = Debug|Any CPU
		{C963AE43-D9DA-4A7C-9C9E-05FB8D173CF8}.Release|Any CPU.ActiveCfg = Release|Any CPU
		{C963AE43-D9DA-4A7C-9C9E-05FB8D173CF8}.Release|Any CPU.Build.0 = Release|Any CPU
		{89F30E48-4CF3-4CB1-AA3A-697D149D0E13}.Debug|Any CPU.ActiveCfg = Debug|Any CPU
		{89F30E48-4CF3-4CB1-AA3A-697D149D0E13}.Debug|Any CPU.Build.0 = Debug|Any CPU
		{89F30E48-4CF3-4CB1-AA3A-697D149D0E13}.Release|Any CPU.ActiveCfg = Release|Any CPU
		{89F30E48-4CF3-4CB1-AA3A-697D149D0E13}.Release|Any CPU.Build.0 = Release|Any CPU
		{2A1A3056-3177-471C-A353-D624E258CCDA}.Debug|Any CPU.ActiveCfg = Debug|Any CPU
		{2A1A3056-3177-471C-A353-D624E258CCDA}.Debug|Any CPU.Build.0 = Debug|Any CPU
		{2A1A3056-3177-471C-A353-D624E258CCDA}.Release|Any CPU.ActiveCfg = Release|Any CPU
		{2A1A3056-3177-471C-A353-D624E258CCDA}.Release|Any CPU.Build.0 = Release|Any CPU
		{FC2DB3C1-D2F9-4604-8007-A3DCA319EACF}.Debug|Any CPU.ActiveCfg = Debug|Any CPU
		{FC2DB3C1-D2F9-4604-8007-A3DCA319EACF}.Debug|Any CPU.Build.0 = Debug|Any CPU
		{FC2DB3C1-D2F9-4604-8007-A3DCA319EACF}.Release|Any CPU.ActiveCfg = Release|Any CPU
		{FC2DB3C1-D2F9-4604-8007-A3DCA319EACF}.Release|Any CPU.Build.0 = Release|Any CPU
		{174EDACD-C561-4FC8-AD78-A50683E2C74D}.Debug|Any CPU.ActiveCfg = Debug|Any CPU
		{174EDACD-C561-4FC8-AD78-A50683E2C74D}.Debug|Any CPU.Build.0 = Debug|Any CPU
		{174EDACD-C561-4FC8-AD78-A50683E2C74D}.Release|Any CPU.ActiveCfg = Release|Any CPU
		{174EDACD-C561-4FC8-AD78-A50683E2C74D}.Release|Any CPU.Build.0 = Release|Any CPU
		{E13BA1EC-B45C-4B1F-81F0-A858B013E36B}.Debug|Any CPU.ActiveCfg = Debug|Any CPU
		{E13BA1EC-B45C-4B1F-81F0-A858B013E36B}.Debug|Any CPU.Build.0 = Debug|Any CPU
		{E13BA1EC-B45C-4B1F-81F0-A858B013E36B}.Release|Any CPU.ActiveCfg = Release|Any CPU
		{E13BA1EC-B45C-4B1F-81F0-A858B013E36B}.Release|Any CPU.Build.0 = Release|Any CPU
		{E357CBB1-7C33-45B6-A676-6C6F055B7F8C}.Debug|Any CPU.ActiveCfg = Debug|Any CPU
		{E357CBB1-7C33-45B6-A676-6C6F055B7F8C}.Debug|Any CPU.Build.0 = Debug|Any CPU
		{E357CBB1-7C33-45B6-A676-6C6F055B7F8C}.Release|Any CPU.ActiveCfg = Release|Any CPU
		{E357CBB1-7C33-45B6-A676-6C6F055B7F8C}.Release|Any CPU.Build.0 = Release|Any CPU
		{B59D5ED3-2E38-4038-BD81-2F67340A4B51}.Debug|Any CPU.ActiveCfg = Debug|Any CPU
		{B59D5ED3-2E38-4038-BD81-2F67340A4B51}.Debug|Any CPU.Build.0 = Debug|Any CPU
		{B59D5ED3-2E38-4038-BD81-2F67340A4B51}.Release|Any CPU.ActiveCfg = Release|Any CPU
		{B59D5ED3-2E38-4038-BD81-2F67340A4B51}.Release|Any CPU.Build.0 = Release|Any CPU
		{9EDDE5C6-100D-4DA8-AF57-AB5030CE3022}.Debug|Any CPU.ActiveCfg = Debug|Any CPU
		{9EDDE5C6-100D-4DA8-AF57-AB5030CE3022}.Debug|Any CPU.Build.0 = Debug|Any CPU
		{9EDDE5C6-100D-4DA8-AF57-AB5030CE3022}.Release|Any CPU.ActiveCfg = Release|Any CPU
		{9EDDE5C6-100D-4DA8-AF57-AB5030CE3022}.Release|Any CPU.Build.0 = Release|Any CPU
		{6965AE39-29F7-40BD-B2DC-1D44568D4D8B}.Debug|Any CPU.ActiveCfg = Debug|Any CPU
		{6965AE39-29F7-40BD-B2DC-1D44568D4D8B}.Debug|Any CPU.Build.0 = Debug|Any CPU
		{6965AE39-29F7-40BD-B2DC-1D44568D4D8B}.Release|Any CPU.ActiveCfg = Release|Any CPU
		{6965AE39-29F7-40BD-B2DC-1D44568D4D8B}.Release|Any CPU.Build.0 = Release|Any CPU
		{BEE70892-338A-404E-BA9C-EAB0AC381936}.Debug|Any CPU.ActiveCfg = Debug|Any CPU
		{BEE70892-338A-404E-BA9C-EAB0AC381936}.Debug|Any CPU.Build.0 = Debug|Any CPU
		{BEE70892-338A-404E-BA9C-EAB0AC381936}.Release|Any CPU.ActiveCfg = Release|Any CPU
		{BEE70892-338A-404E-BA9C-EAB0AC381936}.Release|Any CPU.Build.0 = Release|Any CPU
		{35ABC673-1B6F-4BE7-88C0-5FDB407E4C3C}.Debug|Any CPU.ActiveCfg = Debug|Any CPU
		{35ABC673-1B6F-4BE7-88C0-5FDB407E4C3C}.Debug|Any CPU.Build.0 = Debug|Any CPU
		{35ABC673-1B6F-4BE7-88C0-5FDB407E4C3C}.Release|Any CPU.ActiveCfg = Release|Any CPU
		{35ABC673-1B6F-4BE7-88C0-5FDB407E4C3C}.Release|Any CPU.Build.0 = Release|Any CPU
		{1260FF91-D252-45F8-AC48-8C5B0A5AFB37}.Debug|Any CPU.ActiveCfg = Debug|Any CPU
		{1260FF91-D252-45F8-AC48-8C5B0A5AFB37}.Debug|Any CPU.Build.0 = Debug|Any CPU
		{1260FF91-D252-45F8-AC48-8C5B0A5AFB37}.Release|Any CPU.ActiveCfg = Release|Any CPU
		{1260FF91-D252-45F8-AC48-8C5B0A5AFB37}.Release|Any CPU.Build.0 = Release|Any CPU
		{41FE458D-568C-4D15-B02C-3EB98009E18E}.Debug|Any CPU.ActiveCfg = Debug|Any CPU
		{41FE458D-568C-4D15-B02C-3EB98009E18E}.Debug|Any CPU.Build.0 = Debug|Any CPU
		{41FE458D-568C-4D15-B02C-3EB98009E18E}.Release|Any CPU.ActiveCfg = Release|Any CPU
		{41FE458D-568C-4D15-B02C-3EB98009E18E}.Release|Any CPU.Build.0 = Release|Any CPU
		{2833B3FE-73B5-4DA6-AD01-0B658183BD25}.Debug|Any CPU.ActiveCfg = Debug|Any CPU
		{2833B3FE-73B5-4DA6-AD01-0B658183BD25}.Debug|Any CPU.Build.0 = Debug|Any CPU
		{2833B3FE-73B5-4DA6-AD01-0B658183BD25}.Release|Any CPU.ActiveCfg = Release|Any CPU
		{2833B3FE-73B5-4DA6-AD01-0B658183BD25}.Release|Any CPU.Build.0 = Release|Any CPU
		{37A1FF30-9A25-4E20-8CE7-8357136D6774}.Debug|Any CPU.ActiveCfg = Debug|Any CPU
		{37A1FF30-9A25-4E20-8CE7-8357136D6774}.Debug|Any CPU.Build.0 = Debug|Any CPU
		{37A1FF30-9A25-4E20-8CE7-8357136D6774}.Release|Any CPU.ActiveCfg = Release|Any CPU
		{37A1FF30-9A25-4E20-8CE7-8357136D6774}.Release|Any CPU.Build.0 = Release|Any CPU
		{00310474-722D-47CA-A0EB-8A47D2A192C2}.Debug|Any CPU.ActiveCfg = Debug|Any CPU
		{00310474-722D-47CA-A0EB-8A47D2A192C2}.Debug|Any CPU.Build.0 = Debug|Any CPU
		{00310474-722D-47CA-A0EB-8A47D2A192C2}.Release|Any CPU.ActiveCfg = Release|Any CPU
		{00310474-722D-47CA-A0EB-8A47D2A192C2}.Release|Any CPU.Build.0 = Release|Any CPU
		{5EDFC3D5-77FF-4146-BEDD-88AE2C316462}.Debug|Any CPU.ActiveCfg = Debug|Any CPU
		{5EDFC3D5-77FF-4146-BEDD-88AE2C316462}.Debug|Any CPU.Build.0 = Debug|Any CPU
		{5EDFC3D5-77FF-4146-BEDD-88AE2C316462}.Release|Any CPU.ActiveCfg = Release|Any CPU
		{5EDFC3D5-77FF-4146-BEDD-88AE2C316462}.Release|Any CPU.Build.0 = Release|Any CPU
		{9C2306CA-DFF1-466E-9487-F6CC6C399FA1}.Debug|Any CPU.ActiveCfg = Debug|Any CPU
		{9C2306CA-DFF1-466E-9487-F6CC6C399FA1}.Debug|Any CPU.Build.0 = Debug|Any CPU
		{9C2306CA-DFF1-466E-9487-F6CC6C399FA1}.Release|Any CPU.ActiveCfg = Release|Any CPU
		{9C2306CA-DFF1-466E-9487-F6CC6C399FA1}.Release|Any CPU.Build.0 = Release|Any CPU
		{349C5E47-D1A7-4F05-BA2C-8B7CD0A4F755}.Debug|Any CPU.ActiveCfg = Debug|Any CPU
		{349C5E47-D1A7-4F05-BA2C-8B7CD0A4F755}.Debug|Any CPU.Build.0 = Debug|Any CPU
		{349C5E47-D1A7-4F05-BA2C-8B7CD0A4F755}.Release|Any CPU.ActiveCfg = Release|Any CPU
		{349C5E47-D1A7-4F05-BA2C-8B7CD0A4F755}.Release|Any CPU.Build.0 = Release|Any CPU
		{2E47C600-C32B-40EB-BDF5-E863A37D6558}.Debug|Any CPU.ActiveCfg = Debug|Any CPU
		{2E47C600-C32B-40EB-BDF5-E863A37D6558}.Debug|Any CPU.Build.0 = Debug|Any CPU
		{2E47C600-C32B-40EB-BDF5-E863A37D6558}.Release|Any CPU.ActiveCfg = Release|Any CPU
		{2E47C600-C32B-40EB-BDF5-E863A37D6558}.Release|Any CPU.Build.0 = Release|Any CPU
		{2F0A8528-4C07-44AD-956E-763F8515F567}.Debug|Any CPU.ActiveCfg = Debug|Any CPU
		{2F0A8528-4C07-44AD-956E-763F8515F567}.Debug|Any CPU.Build.0 = Debug|Any CPU
		{2F0A8528-4C07-44AD-956E-763F8515F567}.Release|Any CPU.ActiveCfg = Release|Any CPU
		{2F0A8528-4C07-44AD-956E-763F8515F567}.Release|Any CPU.Build.0 = Release|Any CPU
		{A29B605A-D13C-4401-B2FD-EBE9EFCE5600}.Debug|Any CPU.ActiveCfg = Debug|Any CPU
		{A29B605A-D13C-4401-B2FD-EBE9EFCE5600}.Debug|Any CPU.Build.0 = Debug|Any CPU
		{A29B605A-D13C-4401-B2FD-EBE9EFCE5600}.Release|Any CPU.ActiveCfg = Release|Any CPU
		{A29B605A-D13C-4401-B2FD-EBE9EFCE5600}.Release|Any CPU.Build.0 = Release|Any CPU
		{97BD5493-A34E-4ED1-B892-A959387596C9}.Debug|Any CPU.ActiveCfg = Debug|Any CPU
		{97BD5493-A34E-4ED1-B892-A959387596C9}.Debug|Any CPU.Build.0 = Debug|Any CPU
		{97BD5493-A34E-4ED1-B892-A959387596C9}.Release|Any CPU.ActiveCfg = Release|Any CPU
		{97BD5493-A34E-4ED1-B892-A959387596C9}.Release|Any CPU.Build.0 = Release|Any CPU
		{1601685D-3FF6-42BD-B6AF-9B5535A99E42}.Debug|Any CPU.ActiveCfg = Debug|Any CPU
		{1601685D-3FF6-42BD-B6AF-9B5535A99E42}.Debug|Any CPU.Build.0 = Debug|Any CPU
		{1601685D-3FF6-42BD-B6AF-9B5535A99E42}.Release|Any CPU.ActiveCfg = Release|Any CPU
		{1601685D-3FF6-42BD-B6AF-9B5535A99E42}.Release|Any CPU.Build.0 = Release|Any CPU
		{FB71AA19-A45A-49D4-BA21-F410706F2DC5}.Debug|Any CPU.ActiveCfg = Debug|Any CPU
		{FB71AA19-A45A-49D4-BA21-F410706F2DC5}.Debug|Any CPU.Build.0 = Debug|Any CPU
		{FB71AA19-A45A-49D4-BA21-F410706F2DC5}.Release|Any CPU.ActiveCfg = Release|Any CPU
		{FB71AA19-A45A-49D4-BA21-F410706F2DC5}.Release|Any CPU.Build.0 = Release|Any CPU
		{F8FC48B9-AA49-4A9E-AB2D-DEAEDB320DC4}.Debug|Any CPU.ActiveCfg = Debug|Any CPU
		{F8FC48B9-AA49-4A9E-AB2D-DEAEDB320DC4}.Debug|Any CPU.Build.0 = Debug|Any CPU
		{F8FC48B9-AA49-4A9E-AB2D-DEAEDB320DC4}.Release|Any CPU.ActiveCfg = Release|Any CPU
		{F8FC48B9-AA49-4A9E-AB2D-DEAEDB320DC4}.Release|Any CPU.Build.0 = Release|Any CPU
		{A6FDE111-D0F9-40FC-8DC2-4DB5EFA761F6}.Debug|Any CPU.ActiveCfg = Debug|Any CPU
		{A6FDE111-D0F9-40FC-8DC2-4DB5EFA761F6}.Debug|Any CPU.Build.0 = Debug|Any CPU
		{A6FDE111-D0F9-40FC-8DC2-4DB5EFA761F6}.Release|Any CPU.ActiveCfg = Release|Any CPU
		{A6FDE111-D0F9-40FC-8DC2-4DB5EFA761F6}.Release|Any CPU.Build.0 = Release|Any CPU
	EndGlobalSection
	GlobalSection(SolutionProperties) = preSolution
		HideSolutionNode = FALSE
	EndGlobalSection
	GlobalSection(ExtensibilityGlobals) = postSolution
		SolutionGuid = {E66D7403-9DE3-4AB5-BB65-F6E9C18F1D43}
	EndGlobalSection
EndGlobal
